
Microsoft Visual Studio Solution File, Format Version 12.00
# Visual Studio Version 16
VisualStudioVersion = 16.0.808.8
MinimumVisualStudioVersion = 10.0.40219.1
Project("{FAE04EC0-301F-11D3-BF4B-00C04F79EFBC}") = "Owls", "Owls\Owls.csproj", "{3749C801-F9A1-407E-9B07-EFA9845B8650}"
EndProject
Global
	GlobalSection(SolutionConfigurationPlatforms) = preSolution
		Debug|Any CPU = Debug|Any CPU
		Release|Any CPU = Release|Any CPU
	EndGlobalSection
	GlobalSection(ProjectConfigurationPlatforms) = postSolution
		{3749C801-F9A1-407E-9B07-EFA9845B8650}.Debug|Any CPU.ActiveCfg = Debug|Any CPU
		{3749C801-F9A1-407E-9B07-EFA9845B8650}.Debug|Any CPU.Build.0 = Debug|Any CPU
		{3749C801-F9A1-407E-9B07-EFA9845B8650}.Release|Any CPU.ActiveCfg = Release|Any CPU
		{3749C801-F9A1-407E-9B07-EFA9845B8650}.Release|Any CPU.Build.0 = Release|Any CPU
	EndGlobalSection
	GlobalSection(SolutionProperties) = preSolution
		HideSolutionNode = FALSE
	EndGlobalSection
	GlobalSection(ExtensibilityGlobals) = postSolution
		SolutionGuid = {C322A458-DF01-4E50-969B-1AB2C9FD3A3E}
	EndGlobalSection
EndGlobal
